// !$*UTF8*$!
{
	archiveVersion = 1;
	classes = {
	};
	objectVersion = 50;
	objects = {

/* Begin PBXBuildFile section */
		D90E925D2433B2EF0081B583 /* Layout1View.xib in Resources */ = {isa = PBXBuildFile; fileRef = D90E925C2433B2EF0081B583 /* Layout1View.xib */; };
		D90E92612434897A0081B583 /* Layout2View.xib in Resources */ = {isa = PBXBuildFile; fileRef = D90E92602434897A0081B583 /* Layout2View.xib */; };
		D90E92632434898D0081B583 /* Layout3View.xib in Resources */ = {isa = PBXBuildFile; fileRef = D90E92622434898D0081B583 /* Layout3View.xib */; };
		D90E927924349DCA0081B583 /* Layout1View.swift in Sources */ = {isa = PBXBuildFile; fileRef = D90E927824349DCA0081B583 /* Layout1View.swift */; };
		D90E927B24349E160081B583 /* Layout2View.swift in Sources */ = {isa = PBXBuildFile; fileRef = D90E927A24349E160081B583 /* Layout2View.swift */; };
		D90E927D24349E5C0081B583 /* Layout3View.swift in Sources */ = {isa = PBXBuildFile; fileRef = D90E927C24349E5C0081B583 /* Layout3View.swift */; };
		D90E927F2434A45B0081B583 /* Main.storyboard in Resources */ = {isa = PBXBuildFile; fileRef = D90E927E2434A45B0081B583 /* Main.storyboard */; };
		D90E92852434CD330081B583 /* ThirstySoftRegular.otf in Resources */ = {isa = PBXBuildFile; fileRef = D90E92822434CD320081B583 /* ThirstySoftRegular.otf */; };
		D90E92872434CD330081B583 /* Delm-Medium.otf in Resources */ = {isa = PBXBuildFile; fileRef = D90E92842434CD330081B583 /* Delm-Medium.otf */; };
		D95BC755241FC57A00C1D2FC /* AppDelegate.swift in Sources */ = {isa = PBXBuildFile; fileRef = D95BC754241FC57A00C1D2FC /* AppDelegate.swift */; };
		D95BC757241FC57A00C1D2FC /* SceneDelegate.swift in Sources */ = {isa = PBXBuildFile; fileRef = D95BC756241FC57A00C1D2FC /* SceneDelegate.swift */; };
		D95BC759241FC57A00C1D2FC /* ViewController.swift in Sources */ = {isa = PBXBuildFile; fileRef = D95BC758241FC57A00C1D2FC /* ViewController.swift */; };
		D95BC75E241FC57C00C1D2FC /* Assets.xcassets in Resources */ = {isa = PBXBuildFile; fileRef = D95BC75D241FC57C00C1D2FC /* Assets.xcassets */; };
		D95BC761241FC57C00C1D2FC /* LaunchScreen.storyboard in Resources */ = {isa = PBXBuildFile; fileRef = D95BC75F241FC57C00C1D2FC /* LaunchScreen.storyboard */; };
/* End PBXBuildFile section */

/* Begin PBXFileReference section */
		D90E925C2433B2EF0081B583 /* Layout1View.xib */ = {isa = PBXFileReference; lastKnownFileType = file.xib; path = Layout1View.xib; sourceTree = "<group>"; };
		D90E92602434897A0081B583 /* Layout2View.xib */ = {isa = PBXFileReference; lastKnownFileType = file.xib; path = Layout2View.xib; sourceTree = "<group>"; };
		D90E92622434898D0081B583 /* Layout3View.xib */ = {isa = PBXFileReference; lastKnownFileType = file.xib; path = Layout3View.xib; sourceTree = "<group>"; };
		D90E927824349DCA0081B583 /* Layout1View.swift */ = {isa = PBXFileReference; lastKnownFileType = sourcecode.swift; path = Layout1View.swift; sourceTree = "<group>"; };
		D90E927A24349E160081B583 /* Layout2View.swift */ = {isa = PBXFileReference; lastKnownFileType = sourcecode.swift; path = Layout2View.swift; sourceTree = "<group>"; };
		D90E927C24349E5C0081B583 /* Layout3View.swift */ = {isa = PBXFileReference; lastKnownFileType = sourcecode.swift; path = Layout3View.swift; sourceTree = "<group>"; };
		D90E927E2434A45B0081B583 /* Main.storyboard */ = {isa = PBXFileReference; fileEncoding = 4; lastKnownFileType = file.storyboard; path = Main.storyboard; sourceTree = "<group>"; };
		D90E92822434CD320081B583 /* ThirstySoftRegular.otf */ = {isa = PBXFileReference; lastKnownFileType = file; path = ThirstySoftRegular.otf; sourceTree = "<group>"; };
		D90E92842434CD330081B583 /* Delm-Medium.otf */ = {isa = PBXFileReference; lastKnownFileType = file; path = "Delm-Medium.otf"; sourceTree = "<group>"; };
		D95BC751241FC57A00C1D2FC /* Instagrid.app */ = {isa = PBXFileReference; explicitFileType = wrapper.application; includeInIndex = 0; path = Instagrid.app; sourceTree = BUILT_PRODUCTS_DIR; };
		D95BC754241FC57A00C1D2FC /* AppDelegate.swift */ = {isa = PBXFileReference; lastKnownFileType = sourcecode.swift; path = AppDelegate.swift; sourceTree = "<group>"; };
		D95BC756241FC57A00C1D2FC /* SceneDelegate.swift */ = {isa = PBXFileReference; lastKnownFileType = sourcecode.swift; path = SceneDelegate.swift; sourceTree = "<group>"; };
		D95BC758241FC57A00C1D2FC /* ViewController.swift */ = {isa = PBXFileReference; lastKnownFileType = sourcecode.swift; path = ViewController.swift; sourceTree = "<group>"; };
		D95BC75D241FC57C00C1D2FC /* Assets.xcassets */ = {isa = PBXFileReference; lastKnownFileType = folder.assetcatalog; path = Assets.xcassets; sourceTree = "<group>"; };
		D95BC760241FC57C00C1D2FC /* Base */ = {isa = PBXFileReference; lastKnownFileType = file.storyboard; name = Base; path = Base.lproj/LaunchScreen.storyboard; sourceTree = "<group>"; };
		D95BC762241FC57C00C1D2FC /* Info.plist */ = {isa = PBXFileReference; lastKnownFileType = text.plist.xml; path = Info.plist; sourceTree = "<group>"; };
/* End PBXFileReference section */

/* Begin PBXFrameworksBuildPhase section */
		D95BC74E241FC57A00C1D2FC /* Frameworks */ = {
			isa = PBXFrameworksBuildPhase;
			buildActionMask = 2147483647;
			files = (
			);
			runOnlyForDeploymentPostprocessing = 0;
		};
/* End PBXFrameworksBuildPhase section */

/* Begin PBXGroup section */
		D90E926A2434956F0081B583 /* Views */ = {
			isa = PBXGroup;
			children = (
				D90E927E2434A45B0081B583 /* Main.storyboard */,
				D90E925C2433B2EF0081B583 /* Layout1View.xib */,
				D90E92602434897A0081B583 /* Layout2View.xib */,
				D90E92622434898D0081B583 /* Layout3View.xib */,
			);
			name = Views;
			sourceTree = "<group>";
		};
		D90E926B2434957A0081B583 /* Model */ = {
			isa = PBXGroup;
			children = (
			);
			name = Model;
			sourceTree = "<group>";
		};
		D90E926D243495C70081B583 /* Supporting Files */ = {
			isa = PBXGroup;
			children = (
				D90E92842434CD330081B583 /* Delm-Medium.otf */,
				D90E92822434CD320081B583 /* ThirstySoftRegular.otf */,
				D95BC762241FC57C00C1D2FC /* Info.plist */,
				D95BC754241FC57A00C1D2FC /* AppDelegate.swift */,
				D95BC756241FC57A00C1D2FC /* SceneDelegate.swift */,
				D95BC75D241FC57C00C1D2FC /* Assets.xcassets */,
				D95BC75F241FC57C00C1D2FC /* LaunchScreen.storyboard */,
			);
			name = "Supporting Files";
			sourceTree = "<group>";
		};
		D90E926E243495FA0081B583 /* Controller */ = {
			isa = PBXGroup;
			children = (
				D90E927824349DCA0081B583 /* Layout1View.swift */,
				D90E927A24349E160081B583 /* Layout2View.swift */,
				D90E927C24349E5C0081B583 /* Layout3View.swift */,
				D95BC758241FC57A00C1D2FC /* ViewController.swift */,
			);
			name = Controller;
			sourceTree = "<group>";
		};
		D95BC748241FC57A00C1D2FC = {
			isa = PBXGroup;
			children = (
				D95BC753241FC57A00C1D2FC /* Instagrid */,
				D95BC752241FC57A00C1D2FC /* Products */,
			);
			sourceTree = "<group>";
		};
		D95BC752241FC57A00C1D2FC /* Products */ = {
			isa = PBXGroup;
			children = (
				D95BC751241FC57A00C1D2FC /* Instagrid.app */,
			);
			name = Products;
			sourceTree = "<group>";
		};
		D95BC753241FC57A00C1D2FC /* Instagrid */ = {
			isa = PBXGroup;
			children = (
				D90E926E243495FA0081B583 /* Controller */,
				D90E926D243495C70081B583 /* Supporting Files */,
				D90E926B2434957A0081B583 /* Model */,
				D90E926A2434956F0081B583 /* Views */,
			);
			path = Instagrid;
			sourceTree = "<group>";
		};
/* End PBXGroup section */

/* Begin PBXNativeTarget section */
		D95BC750241FC57A00C1D2FC /* Instagrid */ = {
			isa = PBXNativeTarget;
			buildConfigurationList = D95BC765241FC57C00C1D2FC /* Build configuration list for PBXNativeTarget "Instagrid" */;
			buildPhases = (
				D95BC74D241FC57A00C1D2FC /* Sources */,
				D95BC74E241FC57A00C1D2FC /* Frameworks */,
				D95BC74F241FC57A00C1D2FC /* Resources */,
			);
			buildRules = (
			);
			dependencies = (
			);
			name = Instagrid;
			productName = Instagrid;
			productReference = D95BC751241FC57A00C1D2FC /* Instagrid.app */;
			productType = "com.apple.product-type.application";
		};
/* End PBXNativeTarget section */

/* Begin PBXProject section */
		D95BC749241FC57A00C1D2FC /* Project object */ = {
			isa = PBXProject;
			attributes = {
				LastSwiftUpdateCheck = 1130;
				LastUpgradeCheck = 1130;
				ORGANIZATIONNAME = "Laurent Debeaujon";
				TargetAttributes = {
					D95BC750241FC57A00C1D2FC = {
						CreatedOnToolsVersion = 11.3.1;
					};
				};
			};
			buildConfigurationList = D95BC74C241FC57A00C1D2FC /* Build configuration list for PBXProject "Instagrid" */;
			compatibilityVersion = "Xcode 9.3";
			developmentRegion = en;
			hasScannedForEncodings = 0;
			knownRegions = (
				en,
				Base,
			);
			mainGroup = D95BC748241FC57A00C1D2FC;
			productRefGroup = D95BC752241FC57A00C1D2FC /* Products */;
			projectDirPath = "";
			projectRoot = "";
			targets = (
				D95BC750241FC57A00C1D2FC /* Instagrid */,
			);
		};
/* End PBXProject section */

/* Begin PBXResourcesBuildPhase section */
		D95BC74F241FC57A00C1D2FC /* Resources */ = {
			isa = PBXResourcesBuildPhase;
			buildActionMask = 2147483647;
			files = (
				D90E92632434898D0081B583 /* Layout3View.xib in Resources */,
				D90E925D2433B2EF0081B583 /* Layout1View.xib in Resources */,
				D95BC761241FC57C00C1D2FC /* LaunchScreen.storyboard in Resources */,
				D90E927F2434A45B0081B583 /* Main.storyboard in Resources */,
				D90E92852434CD330081B583 /* ThirstySoftRegular.otf in Resources */,
				D90E92612434897A0081B583 /* Layout2View.xib in Resources */,
				D95BC75E241FC57C00C1D2FC /* Assets.xcassets in Resources */,
				D90E92872434CD330081B583 /* Delm-Medium.otf in Resources */,
			);
			runOnlyForDeploymentPostprocessing = 0;
		};
/* End PBXResourcesBuildPhase section */

/* Begin PBXSourcesBuildPhase section */
		D95BC74D241FC57A00C1D2FC /* Sources */ = {
			isa = PBXSourcesBuildPhase;
			buildActionMask = 2147483647;
			files = (
				D90E927B24349E160081B583 /* Layout2View.swift in Sources */,
				D95BC759241FC57A00C1D2FC /* ViewController.swift in Sources */,
				D95BC755241FC57A00C1D2FC /* AppDelegate.swift in Sources */,
				D95BC757241FC57A00C1D2FC /* SceneDelegate.swift in Sources */,
				D90E927D24349E5C0081B583 /* Layout3View.swift in Sources */,
				D90E927924349DCA0081B583 /* Layout1View.swift in Sources */,
			);
			runOnlyForDeploymentPostprocessing = 0;
		};
/* End PBXSourcesBuildPhase section */

/* Begin PBXVariantGroup section */
		D95BC75F241FC57C00C1D2FC /* LaunchScreen.storyboard */ = {
			isa = PBXVariantGroup;
			children = (
				D95BC760241FC57C00C1D2FC /* Base */,
			);
			name = LaunchScreen.storyboard;
			sourceTree = "<group>";
		};
/* End PBXVariantGroup section */

/* Begin XCBuildConfiguration section */
		D95BC763241FC57C00C1D2FC /* Debug */ = {
			isa = XCBuildConfiguration;
			buildSettings = {
				ALWAYS_SEARCH_USER_PATHS = NO;
				CLANG_ANALYZER_NONNULL = YES;
				CLANG_ANALYZER_NUMBER_OBJECT_CONVERSION = YES_AGGRESSIVE;
				CLANG_CXX_LANGUAGE_STANDARD = "gnu++14";
				CLANG_CXX_LIBRARY = "libc++";
				CLANG_ENABLE_MODULES = YES;
				CLANG_ENABLE_OBJC_ARC = YES;
				CLANG_ENABLE_OBJC_WEAK = YES;
				CLANG_WARN_BLOCK_CAPTURE_AUTORELEASING = YES;
				CLANG_WARN_BOOL_CONVERSION = YES;
				CLANG_WARN_COMMA = YES;
				CLANG_WARN_CONSTANT_CONVERSION = YES;
				CLANG_WARN_DEPRECATED_OBJC_IMPLEMENTATIONS = YES;
				CLANG_WARN_DIRECT_OBJC_ISA_USAGE = YES_ERROR;
				CLANG_WARN_DOCUMENTATION_COMMENTS = YES;
				CLANG_WARN_EMPTY_BODY = YES;
				CLANG_WARN_ENUM_CONVERSION = YES;
				CLANG_WARN_INFINITE_RECURSION = YES;
				CLANG_WARN_INT_CONVERSION = YES;
				CLANG_WARN_NON_LITERAL_NULL_CONVERSION = YES;
				CLANG_WARN_OBJC_IMPLICIT_RETAIN_SELF = YES;
				CLANG_WARN_OBJC_LITERAL_CONVERSION = YES;
				CLANG_WARN_OBJC_ROOT_CLASS = YES_ERROR;
				CLANG_WARN_RANGE_LOOP_ANALYSIS = YES;
				CLANG_WARN_STRICT_PROTOTYPES = YES;
				CLANG_WARN_SUSPICIOUS_MOVE = YES;
				CLANG_WARN_UNGUARDED_AVAILABILITY = YES_AGGRESSIVE;
				CLANG_WARN_UNREACHABLE_CODE = YES;
				CLANG_WARN__DUPLICATE_METHOD_MATCH = YES;
				COPY_PHASE_STRIP = NO;
				DEBUG_INFORMATION_FORMAT = dwarf;
				ENABLE_STRICT_OBJC_MSGSEND = YES;
				ENABLE_TESTABILITY = YES;
				GCC_C_LANGUAGE_STANDARD = gnu11;
				GCC_DYNAMIC_NO_PIC = NO;
				GCC_NO_COMMON_BLOCKS = YES;
				GCC_OPTIMIZATION_LEVEL = 0;
				GCC_PREPROCESSOR_DEFINITIONS = (
					"DEBUG=1",
					"$(inherited)",
				);
				GCC_WARN_64_TO_32_BIT_CONVERSION = YES;
				GCC_WARN_ABOUT_RETURN_TYPE = YES_ERROR;
				GCC_WARN_UNDECLARED_SELECTOR = YES;
				GCC_WARN_UNINITIALIZED_AUTOS = YES_AGGRESSIVE;
				GCC_WARN_UNUSED_FUNCTION = YES;
				GCC_WARN_UNUSED_VARIABLE = YES;
				IPHONEOS_DEPLOYMENT_TARGET = 13.2;
				MTL_ENABLE_DEBUG_INFO = INCLUDE_SOURCE;
				MTL_FAST_MATH = YES;
				ONLY_ACTIVE_ARCH = YES;
				SDKROOT = iphoneos;
				SWIFT_ACTIVE_COMPILATION_CONDITIONS = DEBUG;
				SWIFT_OPTIMIZATION_LEVEL = "-Onone";
			};
			name = Debug;
		};
		D95BC764241FC57C00C1D2FC /* Release */ = {
			isa = XCBuildConfiguration;
			buildSettings = {
				ALWAYS_SEARCH_USER_PATHS = NO;
				CLANG_ANALYZER_NONNULL = YES;
				CLANG_ANALYZER_NUMBER_OBJECT_CONVERSION = YES_AGGRESSIVE;
				CLANG_CXX_LANGUAGE_STANDARD = "gnu++14";
				CLANG_CXX_LIBRARY = "libc++";
				CLANG_ENABLE_MODULES = YES;
				CLANG_ENABLE_OBJC_ARC = YES;
				CLANG_ENABLE_OBJC_WEAK = YES;
				CLANG_WARN_BLOCK_CAPTURE_AUTORELEASING = YES;
				CLANG_WARN_BOOL_CONVERSION = YES;
				CLANG_WARN_COMMA = YES;
				CLANG_WARN_CONSTANT_CONVERSION = YES;
				CLANG_WARN_DEPRECATED_OBJC_IMPLEMENTATIONS = YES;
				CLANG_WARN_DIRECT_OBJC_ISA_USAGE = YES_ERROR;
				CLANG_WARN_DOCUMENTATION_COMMENTS = YES;
				CLANG_WARN_EMPTY_BODY = YES;
				CLANG_WARN_ENUM_CONVERSION = YES;
				CLANG_WARN_INFINITE_RECURSION = YES;
				CLANG_WARN_INT_CONVERSION = YES;
				CLANG_WARN_NON_LITERAL_NULL_CONVERSION = YES;
				CLANG_WARN_OBJC_IMPLICIT_RETAIN_SELF = YES;
				CLANG_WARN_OBJC_LITERAL_CONVERSION = YES;
				CLANG_WARN_OBJC_ROOT_CLASS = YES_ERROR;
				CLANG_WARN_RANGE_LOOP_ANALYSIS = YES;
				CLANG_WARN_STRICT_PROTOTYPES = YES;
				CLANG_WARN_SUSPICIOUS_MOVE = YES;
				CLANG_WARN_UNGUARDED_AVAILABILITY = YES_AGGRESSIVE;
				CLANG_WARN_UNREACHABLE_CODE = YES;
				CLANG_WARN__DUPLICATE_METHOD_MATCH = YES;
				COPY_PHASE_STRIP = NO;
				DEBUG_INFORMATION_FORMAT = "dwarf-with-dsym";
				ENABLE_NS_ASSERTIONS = NO;
				ENABLE_STRICT_OBJC_MSGSEND = YES;
				GCC_C_LANGUAGE_STANDARD = gnu11;
				GCC_NO_COMMON_BLOCKS = YES;
				GCC_WARN_64_TO_32_BIT_CONVERSION = YES;
				GCC_WARN_ABOUT_RETURN_TYPE = YES_ERROR;
				GCC_WARN_UNDECLARED_SELECTOR = YES;
				GCC_WARN_UNINITIALIZED_AUTOS = YES_AGGRESSIVE;
				GCC_WARN_UNUSED_FUNCTION = YES;
				GCC_WARN_UNUSED_VARIABLE = YES;
				IPHONEOS_DEPLOYMENT_TARGET = 13.2;
				MTL_ENABLE_DEBUG_INFO = NO;
				MTL_FAST_MATH = YES;
				SDKROOT = iphoneos;
				SWIFT_COMPILATION_MODE = wholemodule;
				SWIFT_OPTIMIZATION_LEVEL = "-O";
				VALIDATE_PRODUCT = YES;
			};
			name = Release;
		};
		D95BC766241FC57C00C1D2FC /* Debug */ = {
			isa = XCBuildConfiguration;
			buildSettings = {
				ASSETCATALOG_COMPILER_APPICON_NAME = AppIcon;
				CODE_SIGN_STYLE = Automatic;
				INFOPLIST_FILE = Instagrid/Info.plist;
				LD_RUNPATH_SEARCH_PATHS = (
					"$(inherited)",
					"@executable_path/Frameworks",
				);
				PRODUCT_BUNDLE_IDENTIFIER = FR.DIGIT74.Instagrid;
				PRODUCT_NAME = "$(TARGET_NAME)";
				SWIFT_VERSION = 5.0;
				TARGETED_DEVICE_FAMILY = 1;
			};
			name = Debug;
		};
		D95BC767241FC57C00C1D2FC /* Release */ = {
			isa = XCBuildConfiguration;
			buildSettings = {
				ASSETCATALOG_COMPILER_APPICON_NAME = AppIcon;
				CODE_SIGN_STYLE = Automatic;
				INFOPLIST_FILE = Instagrid/Info.plist;
				LD_RUNPATH_SEARCH_PATHS = (
					"$(inherited)",
					"@executable_path/Frameworks",
				);
				PRODUCT_BUNDLE_IDENTIFIER = FR.DIGIT74.Instagrid;
				PRODUCT_NAME = "$(TARGET_NAME)";
				SWIFT_VERSION = 5.0;
				TARGETED_DEVICE_FAMILY = 1;
			};
			name = Release;
		};
/* End XCBuildConfiguration section */

/* Begin XCConfigurationList section */
		D95BC74C241FC57A00C1D2FC /* Build configuration list for PBXProject "Instagrid" */ = {
			isa = XCConfigurationList;
			buildConfigurations = (
				D95BC763241FC57C00C1D2FC /* Debug */,
				D95BC764241FC57C00C1D2FC /* Release */,
			);
			defaultConfigurationIsVisible = 0;
			defaultConfigurationName = Release;
		};
		D95BC765241FC57C00C1D2FC /* Build configuration list for PBXNativeTarget "Instagrid" */ = {
			isa = XCConfigurationList;
			buildConfigurations = (
				D95BC766241FC57C00C1D2FC /* Debug */,
				D95BC767241FC57C00C1D2FC /* Release */,
			);
			defaultConfigurationIsVisible = 0;
			defaultConfigurationName = Release;
		};
/* End XCConfigurationList section */
	};
	rootObject = D95BC749241FC57A00C1D2FC /* Project object */;
}
